
Microsoft Visual Studio Solution File, Format Version 12.00
# Visual Studio 15
VisualStudioVersion = 15.0.27428.2005
MinimumVisualStudioVersion = 10.0.40219.1
Project("{FAE04EC0-301F-11D3-BF4B-00C04F79EFBC}") = "Library", "Library\Library.csproj", "{260C510C-E46D-45BF-89D6-66E06548EF8E}"
EndProject
Global
	GlobalSection(SolutionConfigurationPlatforms) = preSolution
		Debug|Any CPU = Debug|Any CPU
		Release|Any CPU = Release|Any CPU
	EndGlobalSection
	GlobalSection(ProjectConfigurationPlatforms) = postSolution
		{260C510C-E46D-45BF-89D6-66E06548EF8E}.Debug|Any CPU.ActiveCfg = Debug|Any CPU
		{260C510C-E46D-45BF-89D6-66E06548EF8E}.Debug|Any CPU.Build.0 = Debug|Any CPU
		{260C510C-E46D-45BF-89D6-66E06548EF8E}.Release|Any CPU.ActiveCfg = Release|Any CPU
		{260C510C-E46D-45BF-89D6-66E06548EF8E}.Release|Any CPU.Build.0 = Release|Any CPU
	EndGlobalSection
	GlobalSection(SolutionProperties) = preSolution
		HideSolutionNode = FALSE
	EndGlobalSection
	GlobalSection(ExtensibilityGlobals) = postSolution
		SolutionGuid = {519445E2-59CB-4C9F-82B5-2882E3ADC321}
	EndGlobalSection
EndGlobal
